
Microsoft Visual Studio Solution File, Format Version 12.00
# Visual Studio 15
VisualStudioVersion = 15.0.27004.2002
MinimumVisualStudioVersion = 10.0.40219.1
Project("{FAE04EC0-301F-11D3-BF4B-00C04F79EFBC}") = "ProgramaListas", "ProgramaListas\ProgramaListas.csproj", "{C468F779-CC42-4423-94E8-28D43E9A5A85}"
EndProject
Global
	GlobalSection(SolutionConfigurationPlatforms) = preSolution
		Debug|Any CPU = Debug|Any CPU
		Release|Any CPU = Release|Any CPU
	EndGlobalSection
	GlobalSection(ProjectConfigurationPlatforms) = postSolution
		{C468F779-CC42-4423-94E8-28D43E9A5A85}.Debug|Any CPU.ActiveCfg = Debug|Any CPU
		{C468F779-CC42-4423-94E8-28D43E9A5A85}.Debug|Any CPU.Build.0 = Debug|Any CPU
		{C468F779-CC42-4423-94E8-28D43E9A5A85}.Release|Any CPU.ActiveCfg = Release|Any CPU
		{C468F779-CC42-4423-94E8-28D43E9A5A85}.Release|Any CPU.Build.0 = Release|Any CPU
	EndGlobalSection
	GlobalSection(SolutionProperties) = preSolution
		HideSolutionNode = FALSE
	EndGlobalSection
	GlobalSection(ExtensibilityGlobals) = postSolution
		SolutionGuid = {A22A4D70-8A33-406A-8F35-A3843CF7630D}
	EndGlobalSection
EndGlobal
